
Microsoft Visual Studio Solution File, Format Version 12.00
# Visual Studio Version 17
VisualStudioVersion = 17.3.32929.385
MinimumVisualStudioVersion = 10.0.40219.1
Project("{9A19103F-16F7-4668-BE54-9A1E7A4F7556}") = "AdminPanel", "AdminPanel\AdminPanel.csproj", "{1906A7F0-B0D4-4509-B1A2-6CDED7C05AF8}"
EndProject
Project("{9A19103F-16F7-4668-BE54-9A1E7A4F7556}") = "Data", "Data\Data.csproj", "{434DD268-CC9D-4229-9479-FA45E1722BC5}"
EndProject
Project("{FAE04EC0-301F-11D3-BF4B-00C04F79EFBC}") = "DTO", "DTO\DTO.csproj", "{48ADE149-DBB1-492A-B737-9188481A2ED8}"
EndProject
Project("{FAE04EC0-301F-11D3-BF4B-00C04F79EFBC}") = "Business", "Business\Business.csproj", "{470B1CEE-FE2F-4A1B-A9E1-002E25AB7018}"
EndProject
Global
	GlobalSection(SolutionConfigurationPlatforms) = preSolution
		Debug|Any CPU = Debug|Any CPU
		Release|Any CPU = Release|Any CPU
	EndGlobalSection
	GlobalSection(ProjectConfigurationPlatforms) = postSolution
		{1906A7F0-B0D4-4509-B1A2-6CDED7C05AF8}.Debug|Any CPU.ActiveCfg = Debug|Any CPU
		{1906A7F0-B0D4-4509-B1A2-6CDED7C05AF8}.Debug|Any CPU.Build.0 = Debug|Any CPU
		{1906A7F0-B0D4-4509-B1A2-6CDED7C05AF8}.Release|Any CPU.ActiveCfg = Release|Any CPU
		{1906A7F0-B0D4-4509-B1A2-6CDED7C05AF8}.Release|Any CPU.Build.0 = Release|Any CPU
		{434DD268-CC9D-4229-9479-FA45E1722BC5}.Debug|Any CPU.ActiveCfg = Debug|Any CPU
		{434DD268-CC9D-4229-9479-FA45E1722BC5}.Debug|Any CPU.Build.0 = Debug|Any CPU
		{434DD268-CC9D-4229-9479-FA45E1722BC5}.Release|Any CPU.ActiveCfg = Release|Any CPU
		{434DD268-CC9D-4229-9479-FA45E1722BC5}.Release|Any CPU.Build.0 = Release|Any CPU
		{48ADE149-DBB1-492A-B737-9188481A2ED8}.Debug|Any CPU.ActiveCfg = Debug|Any CPU
		{48ADE149-DBB1-492A-B737-9188481A2ED8}.Debug|Any CPU.Build.0 = Debug|Any CPU
		{48ADE149-DBB1-492A-B737-9188481A2ED8}.Release|Any CPU.ActiveCfg = Release|Any CPU
		{48ADE149-DBB1-492A-B737-9188481A2ED8}.Release|Any CPU.Build.0 = Release|Any CPU
		{470B1CEE-FE2F-4A1B-A9E1-002E25AB7018}.Debug|Any CPU.ActiveCfg = Debug|Any CPU
		{470B1CEE-FE2F-4A1B-A9E1-002E25AB7018}.Debug|Any CPU.Build.0 = Debug|Any CPU
		{470B1CEE-FE2F-4A1B-A9E1-002E25AB7018}.Release|Any CPU.ActiveCfg = Release|Any CPU
		{470B1CEE-FE2F-4A1B-A9E1-002E25AB7018}.Release|Any CPU.Build.0 = Release|Any CPU
	EndGlobalSection
	GlobalSection(SolutionProperties) = preSolution
		HideSolutionNode = FALSE
	EndGlobalSection
	GlobalSection(ExtensibilityGlobals) = postSolution
		SolutionGuid = {9BB848D0-72BE-43AE-89FA-989E6DBD95AD}
	EndGlobalSection
EndGlobal
